// !$*UTF8*$!
{
	archiveVersion = 1;
	classes = {
	};
	objectVersion = 55;
	objects = {

/* Begin PBXBuildFile section */
		C70721B928EFFCCB00844D21 /* AppDelegate.swift in Sources */ = {isa = PBXBuildFile; fileRef = C70721B828EFFCCB00844D21 /* AppDelegate.swift */; };
		C70721BB28EFFCCB00844D21 /* SceneDelegate.swift in Sources */ = {isa = PBXBuildFile; fileRef = C70721BA28EFFCCB00844D21 /* SceneDelegate.swift */; };
		C70721BD28EFFCCB00844D21 /* ViewController.swift in Sources */ = {isa = PBXBuildFile; fileRef = C70721BC28EFFCCB00844D21 /* ViewController.swift */; };
		C70721C028EFFCCB00844D21 /* Main.storyboard in Resources */ = {isa = PBXBuildFile; fileRef = C70721BE28EFFCCB00844D21 /* Main.storyboard */; };
		C70721C228EFFCCD00844D21 /* Assets.xcassets in Resources */ = {isa = PBXBuildFile; fileRef = C70721C128EFFCCD00844D21 /* Assets.xcassets */; };
		C70721C528EFFCCD00844D21 /* LaunchScreen.storyboard in Resources */ = {isa = PBXBuildFile; fileRef = C70721C328EFFCCD00844D21 /* LaunchScreen.storyboard */; };
		C70721D028EFFCCD00844D21 /* GitHubTests.swift in Sources */ = {isa = PBXBuildFile; fileRef = C70721CF28EFFCCD00844D21 /* GitHubTests.swift */; };
		C70721DA28EFFCCD00844D21 /* GitHubUITests.swift in Sources */ = {isa = PBXBuildFile; fileRef = C70721D928EFFCCD00844D21 /* GitHubUITests.swift */; };
		C70721DC28EFFCCD00844D21 /* GitHubUITestsLaunchTests.swift in Sources */ = {isa = PBXBuildFile; fileRef = C70721DB28EFFCCD00844D21 /* GitHubUITestsLaunchTests.swift */; };
		C70721EA28F07A0E00844D21 /* PullRequest.swift in Sources */ = {isa = PBXBuildFile; fileRef = C70721E928F07A0E00844D21 /* PullRequest.swift */; };
		C70721EC28F07BB800844D21 /* PullsLoader.swift in Sources */ = {isa = PBXBuildFile; fileRef = C70721EB28F07BB800844D21 /* PullsLoader.swift */; };
		C70721EF28F15A6E00844D21 /* RemotePullReqLoaderTests.swift in Sources */ = {isa = PBXBuildFile; fileRef = C70721EE28F15A6E00844D21 /* RemotePullReqLoaderTests.swift */; };
/* End PBXBuildFile section */

/* Begin PBXContainerItemProxy section */
		C70721CC28EFFCCD00844D21 /* PBXContainerItemProxy */ = {
			isa = PBXContainerItemProxy;
			containerPortal = C70721AD28EFFCCB00844D21 /* Project object */;
			proxyType = 1;
			remoteGlobalIDString = C70721B428EFFCCB00844D21;
			remoteInfo = GitHub;
		};
		C70721D628EFFCCD00844D21 /* PBXContainerItemProxy */ = {
			isa = PBXContainerItemProxy;
			containerPortal = C70721AD28EFFCCB00844D21 /* Project object */;
			proxyType = 1;
			remoteGlobalIDString = C70721B428EFFCCB00844D21;
			remoteInfo = GitHub;
		};
/* End PBXContainerItemProxy section */

/* Begin PBXFileReference section */
		C70721B528EFFCCB00844D21 /* GitHub.app */ = {isa = PBXFileReference; explicitFileType = wrapper.application; includeInIndex = 0; path = GitHub.app; sourceTree = BUILT_PRODUCTS_DIR; };
		C70721B828EFFCCB00844D21 /* AppDelegate.swift */ = {isa = PBXFileReference; lastKnownFileType = sourcecode.swift; path = AppDelegate.swift; sourceTree = "<group>"; };
		C70721BA28EFFCCB00844D21 /* SceneDelegate.swift */ = {isa = PBXFileReference; lastKnownFileType = sourcecode.swift; path = SceneDelegate.swift; sourceTree = "<group>"; };
		C70721BC28EFFCCB00844D21 /* ViewController.swift */ = {isa = PBXFileReference; lastKnownFileType = sourcecode.swift; path = ViewController.swift; sourceTree = "<group>"; };
		C70721BF28EFFCCB00844D21 /* Base */ = {isa = PBXFileReference; lastKnownFileType = file.storyboard; name = Base; path = Base.lproj/Main.storyboard; sourceTree = "<group>"; };
		C70721C128EFFCCD00844D21 /* Assets.xcassets */ = {isa = PBXFileReference; lastKnownFileType = folder.assetcatalog; path = Assets.xcassets; sourceTree = "<group>"; };
		C70721C428EFFCCD00844D21 /* Base */ = {isa = PBXFileReference; lastKnownFileType = file.storyboard; name = Base; path = Base.lproj/LaunchScreen.storyboard; sourceTree = "<group>"; };
		C70721C628EFFCCD00844D21 /* Info.plist */ = {isa = PBXFileReference; lastKnownFileType = text.plist.xml; path = Info.plist; sourceTree = "<group>"; };
		C70721CB28EFFCCD00844D21 /* GitHubTests.xctest */ = {isa = PBXFileReference; explicitFileType = wrapper.cfbundle; includeInIndex = 0; path = GitHubTests.xctest; sourceTree = BUILT_PRODUCTS_DIR; };
		C70721CF28EFFCCD00844D21 /* GitHubTests.swift */ = {isa = PBXFileReference; lastKnownFileType = sourcecode.swift; path = GitHubTests.swift; sourceTree = "<group>"; };
		C70721D528EFFCCD00844D21 /* GitHubUITests.xctest */ = {isa = PBXFileReference; explicitFileType = wrapper.cfbundle; includeInIndex = 0; path = GitHubUITests.xctest; sourceTree = BUILT_PRODUCTS_DIR; };
		C70721D928EFFCCD00844D21 /* GitHubUITests.swift */ = {isa = PBXFileReference; lastKnownFileType = sourcecode.swift; path = GitHubUITests.swift; sourceTree = "<group>"; };
		C70721DB28EFFCCD00844D21 /* GitHubUITestsLaunchTests.swift */ = {isa = PBXFileReference; lastKnownFileType = sourcecode.swift; path = GitHubUITestsLaunchTests.swift; sourceTree = "<group>"; };
		C70721E828F0465700844D21 /* README.md */ = {isa = PBXFileReference; lastKnownFileType = net.daringfireball.markdown; path = README.md; sourceTree = "<group>"; };
		C70721E928F07A0E00844D21 /* PullRequest.swift */ = {isa = PBXFileReference; lastKnownFileType = sourcecode.swift; path = PullRequest.swift; sourceTree = "<group>"; };
		C70721EB28F07BB800844D21 /* PullsLoader.swift */ = {isa = PBXFileReference; lastKnownFileType = sourcecode.swift; path = PullsLoader.swift; sourceTree = "<group>"; };
		C70721EE28F15A6E00844D21 /* RemotePullReqLoaderTests.swift */ = {isa = PBXFileReference; lastKnownFileType = sourcecode.swift; path = RemotePullReqLoaderTests.swift; sourceTree = "<group>"; };
/* End PBXFileReference section */

/* Begin PBXFrameworksBuildPhase section */
		C70721B228EFFCCB00844D21 /* Frameworks */ = {
			isa = PBXFrameworksBuildPhase;
			buildActionMask = 2147483647;
			files = (
			);
			runOnlyForDeploymentPostprocessing = 0;
		};
		C70721C828EFFCCD00844D21 /* Frameworks */ = {
			isa = PBXFrameworksBuildPhase;
			buildActionMask = 2147483647;
			files = (
			);
			runOnlyForDeploymentPostprocessing = 0;
		};
		C70721D228EFFCCD00844D21 /* Frameworks */ = {
			isa = PBXFrameworksBuildPhase;
			buildActionMask = 2147483647;
			files = (
			);
			runOnlyForDeploymentPostprocessing = 0;
		};
/* End PBXFrameworksBuildPhase section */

/* Begin PBXGroup section */
		C70721AC28EFFCCB00844D21 = {
			isa = PBXGroup;
			children = (
				C70721E828F0465700844D21 /* README.md */,
				C70721B728EFFCCB00844D21 /* GitHub */,
				C70721CE28EFFCCD00844D21 /* GitHubTests */,
				C70721D828EFFCCD00844D21 /* GitHubUITests */,
				C70721B628EFFCCB00844D21 /* Products */,
			);
			sourceTree = "<group>";
		};
		C70721B628EFFCCB00844D21 /* Products */ = {
			isa = PBXGroup;
			children = (
				C70721B528EFFCCB00844D21 /* GitHub.app */,
				C70721CB28EFFCCD00844D21 /* GitHubTests.xctest */,
				C70721D528EFFCCD00844D21 /* GitHubUITests.xctest */,
			);
			name = Products;
			sourceTree = "<group>";
		};
		C70721B728EFFCCB00844D21 /* GitHub */ = {
			isa = PBXGroup;
			children = (
				C70721B828EFFCCB00844D21 /* AppDelegate.swift */,
				C70721BA28EFFCCB00844D21 /* SceneDelegate.swift */,
				C70721BC28EFFCCB00844D21 /* ViewController.swift */,
				C70721ED28F07D3F00844D21 /* PullRequestsFeature */,
				C70721BE28EFFCCB00844D21 /* Main.storyboard */,
				C70721C128EFFCCD00844D21 /* Assets.xcassets */,
				C70721C328EFFCCD00844D21 /* LaunchScreen.storyboard */,
				C70721C628EFFCCD00844D21 /* Info.plist */,
			);
			path = GitHub;
			sourceTree = "<group>";
		};
		C70721CE28EFFCCD00844D21 /* GitHubTests */ = {
			isa = PBXGroup;
			children = (
				C70721CF28EFFCCD00844D21 /* GitHubTests.swift */,
				C70721EE28F15A6E00844D21 /* RemotePullReqLoaderTests.swift */,
			);
			path = GitHubTests;
			sourceTree = "<group>";
		};
		C70721D828EFFCCD00844D21 /* GitHubUITests */ = {
			isa = PBXGroup;
			children = (
				C70721D928EFFCCD00844D21 /* GitHubUITests.swift */,
				C70721DB28EFFCCD00844D21 /* GitHubUITestsLaunchTests.swift */,
			);
			path = GitHubUITests;
			sourceTree = "<group>";
		};
		C70721ED28F07D3F00844D21 /* PullRequestsFeature */ = {
			isa = PBXGroup;
			children = (
				C70721E928F07A0E00844D21 /* PullRequest.swift */,
				C70721EB28F07BB800844D21 /* PullsLoader.swift */,
			);
			path = PullRequestsFeature;
			sourceTree = "<group>";
		};
/* End PBXGroup section */

/* Begin PBXNativeTarget section */
		C70721B428EFFCCB00844D21 /* GitHub */ = {
			isa = PBXNativeTarget;
			buildConfigurationList = C70721DF28EFFCCD00844D21 /* Build configuration list for PBXNativeTarget "GitHub" */;
			buildPhases = (
				C70721B128EFFCCB00844D21 /* Sources */,
				C70721B228EFFCCB00844D21 /* Frameworks */,
				C70721B328EFFCCB00844D21 /* Resources */,
			);
			buildRules = (
			);
			dependencies = (
			);
			name = GitHub;
			productName = GitHub;
			productReference = C70721B528EFFCCB00844D21 /* GitHub.app */;
			productType = "com.apple.product-type.application";
		};
		C70721CA28EFFCCD00844D21 /* GitHubTests */ = {
			isa = PBXNativeTarget;
			buildConfigurationList = C70721E228EFFCCD00844D21 /* Build configuration list for PBXNativeTarget "GitHubTests" */;
			buildPhases = (
				C70721C728EFFCCD00844D21 /* Sources */,
				C70721C828EFFCCD00844D21 /* Frameworks */,
				C70721C928EFFCCD00844D21 /* Resources */,
			);
			buildRules = (
			);
			dependencies = (
				C70721CD28EFFCCD00844D21 /* PBXTargetDependency */,
			);
			name = GitHubTests;
			productName = GitHubTests;
			productReference = C70721CB28EFFCCD00844D21 /* GitHubTests.xctest */;
			productType = "com.apple.product-type.bundle.unit-test";
		};
		C70721D428EFFCCD00844D21 /* GitHubUITests */ = {
			isa = PBXNativeTarget;
			buildConfigurationList = C70721E528EFFCCD00844D21 /* Build configuration list for PBXNativeTarget "GitHubUITests" */;
			buildPhases = (
				C70721D128EFFCCD00844D21 /* Sources */,
				C70721D228EFFCCD00844D21 /* Frameworks */,
				C70721D328EFFCCD00844D21 /* Resources */,
			);
			buildRules = (
			);
			dependencies = (
				C70721D728EFFCCD00844D21 /* PBXTargetDependency */,
			);
			name = GitHubUITests;
			productName = GitHubUITests;
			productReference = C70721D528EFFCCD00844D21 /* GitHubUITests.xctest */;
			productType = "com.apple.product-type.bundle.ui-testing";
		};
/* End PBXNativeTarget section */

/* Begin PBXProject section */
		C70721AD28EFFCCB00844D21 /* Project object */ = {
			isa = PBXProject;
			attributes = {
				BuildIndependentTargetsInParallel = 1;
				LastSwiftUpdateCheck = 1340;
				LastUpgradeCheck = 1340;
				TargetAttributes = {
					C70721B428EFFCCB00844D21 = {
						CreatedOnToolsVersion = 13.4.1;
					};
					C70721CA28EFFCCD00844D21 = {
						CreatedOnToolsVersion = 13.4.1;
						TestTargetID = C70721B428EFFCCB00844D21;
					};
					C70721D428EFFCCD00844D21 = {
						CreatedOnToolsVersion = 13.4.1;
						TestTargetID = C70721B428EFFCCB00844D21;
					};
				};
			};
			buildConfigurationList = C70721B028EFFCCB00844D21 /* Build configuration list for PBXProject "GitHub" */;
			compatibilityVersion = "Xcode 13.0";
			developmentRegion = en;
			hasScannedForEncodings = 0;
			knownRegions = (
				en,
				Base,
			);
			mainGroup = C70721AC28EFFCCB00844D21;
			productRefGroup = C70721B628EFFCCB00844D21 /* Products */;
			projectDirPath = "";
			projectRoot = "";
			targets = (
				C70721B428EFFCCB00844D21 /* GitHub */,
				C70721CA28EFFCCD00844D21 /* GitHubTests */,
				C70721D428EFFCCD00844D21 /* GitHubUITests */,
			);
		};
/* End PBXProject section */

/* Begin PBXResourcesBuildPhase section */
		C70721B328EFFCCB00844D21 /* Resources */ = {
			isa = PBXResourcesBuildPhase;
			buildActionMask = 2147483647;
			files = (
				C70721C528EFFCCD00844D21 /* LaunchScreen.storyboard in Resources */,
				C70721C228EFFCCD00844D21 /* Assets.xcassets in Resources */,
				C70721C028EFFCCB00844D21 /* Main.storyboard in Resources */,
			);
			runOnlyForDeploymentPostprocessing = 0;
		};
		C70721C928EFFCCD00844D21 /* Resources */ = {
			isa = PBXResourcesBuildPhase;
			buildActionMask = 2147483647;
			files = (
			);
			runOnlyForDeploymentPostprocessing = 0;
		};
		C70721D328EFFCCD00844D21 /* Resources */ = {
			isa = PBXResourcesBuildPhase;
			buildActionMask = 2147483647;
			files = (
			);
			runOnlyForDeploymentPostprocessing = 0;
		};
/* End PBXResourcesBuildPhase section */

/* Begin PBXSourcesBuildPhase section */
		C70721B128EFFCCB00844D21 /* Sources */ = {
			isa = PBXSourcesBuildPhase;
			buildActionMask = 2147483647;
			files = (
				C70721EC28F07BB800844D21 /* PullsLoader.swift in Sources */,
				C70721BD28EFFCCB00844D21 /* ViewController.swift in Sources */,
				C70721B928EFFCCB00844D21 /* AppDelegate.swift in Sources */,
				C70721EA28F07A0E00844D21 /* PullRequest.swift in Sources */,
				C70721BB28EFFCCB00844D21 /* SceneDelegate.swift in Sources */,
			);
			runOnlyForDeploymentPostprocessing = 0;
		};
		C70721C728EFFCCD00844D21 /* Sources */ = {
			isa = PBXSourcesBuildPhase;
			buildActionMask = 2147483647;
			files = (
				C70721EF28F15A6E00844D21 /* RemotePullReqLoaderTests.swift in Sources */,
				C70721D028EFFCCD00844D21 /* GitHubTests.swift in Sources */,
			);
			runOnlyForDeploymentPostprocessing = 0;
		};
		C70721D128EFFCCD00844D21 /* Sources */ = {
			isa = PBXSourcesBuildPhase;
			buildActionMask = 2147483647;
			files = (
				C70721DA28EFFCCD00844D21 /* GitHubUITests.swift in Sources */,
				C70721DC28EFFCCD00844D21 /* GitHubUITestsLaunchTests.swift in Sources */,
			);
			runOnlyForDeploymentPostprocessing = 0;
		};
/* End PBXSourcesBuildPhase section */

/* Begin PBXTargetDependency section */
		C70721CD28EFFCCD00844D21 /* PBXTargetDependency */ = {
			isa = PBXTargetDependency;
			target = C70721B428EFFCCB00844D21 /* GitHub */;
			targetProxy = C70721CC28EFFCCD00844D21 /* PBXContainerItemProxy */;
		};
		C70721D728EFFCCD00844D21 /* PBXTargetDependency */ = {
			isa = PBXTargetDependency;
			target = C70721B428EFFCCB00844D21 /* GitHub */;
			targetProxy = C70721D628EFFCCD00844D21 /* PBXContainerItemProxy */;
		};
/* End PBXTargetDependency section */

/* Begin PBXVariantGroup section */
		C70721BE28EFFCCB00844D21 /* Main.storyboard */ = {
			isa = PBXVariantGroup;
			children = (
				C70721BF28EFFCCB00844D21 /* Base */,
			);
			name = Main.storyboard;
			sourceTree = "<group>";
		};
		C70721C328EFFCCD00844D21 /* LaunchScreen.storyboard */ = {
			isa = PBXVariantGroup;
			children = (
				C70721C428EFFCCD00844D21 /* Base */,
			);
			name = LaunchScreen.storyboard;
			sourceTree = "<group>";
		};
/* End PBXVariantGroup section */

/* Begin XCBuildConfiguration section */
		C70721DD28EFFCCD00844D21 /* Debug */ = {
			isa = XCBuildConfiguration;
			buildSettings = {
				ALWAYS_SEARCH_USER_PATHS = NO;
				CLANG_ANALYZER_NONNULL = YES;
				CLANG_ANALYZER_NUMBER_OBJECT_CONVERSION = YES_AGGRESSIVE;
				CLANG_CXX_LANGUAGE_STANDARD = "gnu++17";
				CLANG_ENABLE_MODULES = YES;
				CLANG_ENABLE_OBJC_ARC = YES;
				CLANG_ENABLE_OBJC_WEAK = YES;
				CLANG_WARN_BLOCK_CAPTURE_AUTORELEASING = YES;
				CLANG_WARN_BOOL_CONVERSION = YES;
				CLANG_WARN_COMMA = YES;
				CLANG_WARN_CONSTANT_CONVERSION = YES;
				CLANG_WARN_DEPRECATED_OBJC_IMPLEMENTATIONS = YES;
				CLANG_WARN_DIRECT_OBJC_ISA_USAGE = YES_ERROR;
				CLANG_WARN_DOCUMENTATION_COMMENTS = YES;
				CLANG_WARN_EMPTY_BODY = YES;
				CLANG_WARN_ENUM_CONVERSION = YES;
				CLANG_WARN_INFINITE_RECURSION = YES;
				CLANG_WARN_INT_CONVERSION = YES;
				CLANG_WARN_NON_LITERAL_NULL_CONVERSION = YES;
				CLANG_WARN_OBJC_IMPLICIT_RETAIN_SELF = YES;
				CLANG_WARN_OBJC_LITERAL_CONVERSION = YES;
				CLANG_WARN_OBJC_ROOT_CLASS = YES_ERROR;
				CLANG_WARN_QUOTED_INCLUDE_IN_FRAMEWORK_HEADER = YES;
				CLANG_WARN_RANGE_LOOP_ANALYSIS = YES;
				CLANG_WARN_STRICT_PROTOTYPES = YES;
				CLANG_WARN_SUSPICIOUS_MOVE = YES;
				CLANG_WARN_UNGUARDED_AVAILABILITY = YES_AGGRESSIVE;
				CLANG_WARN_UNREACHABLE_CODE = YES;
				CLANG_WARN__DUPLICATE_METHOD_MATCH = YES;
				COPY_PHASE_STRIP = NO;
				DEBUG_INFORMATION_FORMAT = dwarf;
				ENABLE_STRICT_OBJC_MSGSEND = YES;
				ENABLE_TESTABILITY = YES;
				GCC_C_LANGUAGE_STANDARD = gnu11;
				GCC_DYNAMIC_NO_PIC = NO;
				GCC_NO_COMMON_BLOCKS = YES;
				GCC_OPTIMIZATION_LEVEL = 0;
				GCC_PREPROCESSOR_DEFINITIONS = (
					"DEBUG=1",
					"$(inherited)",
				);
				GCC_WARN_64_TO_32_BIT_CONVERSION = YES;
				GCC_WARN_ABOUT_RETURN_TYPE = YES_ERROR;
				GCC_WARN_UNDECLARED_SELECTOR = YES;
				GCC_WARN_UNINITIALIZED_AUTOS = YES_AGGRESSIVE;
				GCC_WARN_UNUSED_FUNCTION = YES;
				GCC_WARN_UNUSED_VARIABLE = YES;
				IPHONEOS_DEPLOYMENT_TARGET = 15.5;
				MTL_ENABLE_DEBUG_INFO = INCLUDE_SOURCE;
				MTL_FAST_MATH = YES;
				ONLY_ACTIVE_ARCH = YES;
				SDKROOT = iphoneos;
				SWIFT_ACTIVE_COMPILATION_CONDITIONS = DEBUG;
				SWIFT_OPTIMIZATION_LEVEL = "-Onone";
			};
			name = Debug;
		};
		C70721DE28EFFCCD00844D21 /* Release */ = {
			isa = XCBuildConfiguration;
			buildSettings = {
				ALWAYS_SEARCH_USER_PATHS = NO;
				CLANG_ANALYZER_NONNULL = YES;
				CLANG_ANALYZER_NUMBER_OBJECT_CONVERSION = YES_AGGRESSIVE;
				CLANG_CXX_LANGUAGE_STANDARD = "gnu++17";
				CLANG_ENABLE_MODULES = YES;
				CLANG_ENABLE_OBJC_ARC = YES;
				CLANG_ENABLE_OBJC_WEAK = YES;
				CLANG_WARN_BLOCK_CAPTURE_AUTORELEASING = YES;
				CLANG_WARN_BOOL_CONVERSION = YES;
				CLANG_WARN_COMMA = YES;
				CLANG_WARN_CONSTANT_CONVERSION = YES;
				CLANG_WARN_DEPRECATED_OBJC_IMPLEMENTATIONS = YES;
				CLANG_WARN_DIRECT_OBJC_ISA_USAGE = YES_ERROR;
				CLANG_WARN_DOCUMENTATION_COMMENTS = YES;
				CLANG_WARN_EMPTY_BODY = YES;
				CLANG_WARN_ENUM_CONVERSION = YES;
				CLANG_WARN_INFINITE_RECURSION = YES;
				CLANG_WARN_INT_CONVERSION = YES;
				CLANG_WARN_NON_LITERAL_NULL_CONVERSION = YES;
				CLANG_WARN_OBJC_IMPLICIT_RETAIN_SELF = YES;
				CLANG_WARN_OBJC_LITERAL_CONVERSION = YES;
				CLANG_WARN_OBJC_ROOT_CLASS = YES_ERROR;
				CLANG_WARN_QUOTED_INCLUDE_IN_FRAMEWORK_HEADER = YES;
				CLANG_WARN_RANGE_LOOP_ANALYSIS = YES;
				CLANG_WARN_STRICT_PROTOTYPES = YES;
				CLANG_WARN_SUSPICIOUS_MOVE = YES;
				CLANG_WARN_UNGUARDED_AVAILABILITY = YES_AGGRESSIVE;
				CLANG_WARN_UNREACHABLE_CODE = YES;
				CLANG_WARN__DUPLICATE_METHOD_MATCH = YES;
				COPY_PHASE_STRIP = NO;
				DEBUG_INFORMATION_FORMAT = "dwarf-with-dsym";
				ENABLE_NS_ASSERTIONS = NO;
				ENABLE_STRICT_OBJC_MSGSEND = YES;
				GCC_C_LANGUAGE_STANDARD = gnu11;
				GCC_NO_COMMON_BLOCKS = YES;
				GCC_WARN_64_TO_32_BIT_CONVERSION = YES;
				GCC_WARN_ABOUT_RETURN_TYPE = YES_ERROR;
				GCC_WARN_UNDECLARED_SELECTOR = YES;
				GCC_WARN_UNINITIALIZED_AUTOS = YES_AGGRESSIVE;
				GCC_WARN_UNUSED_FUNCTION = YES;
				GCC_WARN_UNUSED_VARIABLE = YES;
				IPHONEOS_DEPLOYMENT_TARGET = 15.5;
				MTL_ENABLE_DEBUG_INFO = NO;
				MTL_FAST_MATH = YES;
				SDKROOT = iphoneos;
				SWIFT_COMPILATION_MODE = wholemodule;
				SWIFT_OPTIMIZATION_LEVEL = "-O";
				VALIDATE_PRODUCT = YES;
			};
			name = Release;
		};
		C70721E028EFFCCD00844D21 /* Debug */ = {
			isa = XCBuildConfiguration;
			buildSettings = {
				ASSETCATALOG_COMPILER_APPICON_NAME = AppIcon;
				ASSETCATALOG_COMPILER_GLOBAL_ACCENT_COLOR_NAME = AccentColor;
				CODE_SIGN_STYLE = Automatic;
				CURRENT_PROJECT_VERSION = 1;
				DEVELOPMENT_TEAM = G3X3Y83455;
				GENERATE_INFOPLIST_FILE = YES;
				INFOPLIST_FILE = GitHub/Info.plist;
				INFOPLIST_KEY_UIApplicationSupportsIndirectInputEvents = YES;
				INFOPLIST_KEY_UILaunchStoryboardName = LaunchScreen;
				INFOPLIST_KEY_UIMainStoryboardFile = Main;
				INFOPLIST_KEY_UISupportedInterfaceOrientations_iPad = "UIInterfaceOrientationPortrait UIInterfaceOrientationPortraitUpsideDown UIInterfaceOrientationLandscapeLeft UIInterfaceOrientationLandscapeRight";
				INFOPLIST_KEY_UISupportedInterfaceOrientations_iPhone = "UIInterfaceOrientationPortrait UIInterfaceOrientationLandscapeLeft UIInterfaceOrientationLandscapeRight";
				LD_RUNPATH_SEARCH_PATHS = (
					"$(inherited)",
					"@executable_path/Frameworks",
				);
				MARKETING_VERSION = 1.0;
				PRODUCT_BUNDLE_IDENTIFIER = Sreekanth.GitHub;
				PRODUCT_NAME = "$(TARGET_NAME)";
				SWIFT_EMIT_LOC_STRINGS = YES;
				SWIFT_VERSION = 5.0;
				TARGETED_DEVICE_FAMILY = "1,2";
			};
			name = Debug;
		};
		C70721E128EFFCCD00844D21 /* Release */ = {
			isa = XCBuildConfiguration;
			buildSettings = {
				ASSETCATALOG_COMPILER_APPICON_NAME = AppIcon;
				ASSETCATALOG_COMPILER_GLOBAL_ACCENT_COLOR_NAME = AccentColor;
				CODE_SIGN_STYLE = Automatic;
				CURRENT_PROJECT_VERSION = 1;
				DEVELOPMENT_TEAM = G3X3Y83455;
				GENERATE_INFOPLIST_FILE = YES;
				INFOPLIST_FILE = GitHub/Info.plist;
				INFOPLIST_KEY_UIApplicationSupportsIndirectInputEvents = YES;
				INFOPLIST_KEY_UILaunchStoryboardName = LaunchScreen;
				INFOPLIST_KEY_UIMainStoryboardFile = Main;
				INFOPLIST_KEY_UISupportedInterfaceOrientations_iPad = "UIInterfaceOrientationPortrait UIInterfaceOrientationPortraitUpsideDown UIInterfaceOrientationLandscapeLeft UIInterfaceOrientationLandscapeRight";
				INFOPLIST_KEY_UISupportedInterfaceOrientations_iPhone = "UIInterfaceOrientationPortrait UIInterfaceOrientationLandscapeLeft UIInterfaceOrientationLandscapeRight";
				LD_RUNPATH_SEARCH_PATHS = (
					"$(inherited)",
					"@executable_path/Frameworks",
				);
				MARKETING_VERSION = 1.0;
				PRODUCT_BUNDLE_IDENTIFIER = Sreekanth.GitHub;
				PRODUCT_NAME = "$(TARGET_NAME)";
				SWIFT_EMIT_LOC_STRINGS = YES;
				SWIFT_VERSION = 5.0;
				TARGETED_DEVICE_FAMILY = "1,2";
			};
			name = Release;
		};
		C70721E328EFFCCD00844D21 /* Debug */ = {
			isa = XCBuildConfiguration;
			buildSettings = {
				ALWAYS_EMBED_SWIFT_STANDARD_LIBRARIES = YES;
				BUNDLE_LOADER = "$(TEST_HOST)";
				CODE_SIGN_STYLE = Automatic;
				CURRENT_PROJECT_VERSION = 1;
				DEVELOPMENT_TEAM = G3X3Y83455;
				GENERATE_INFOPLIST_FILE = YES;
				IPHONEOS_DEPLOYMENT_TARGET = 15.5;
				MARKETING_VERSION = 1.0;
				PRODUCT_BUNDLE_IDENTIFIER = Sreekanth.GitHubTests;
				PRODUCT_NAME = "$(TARGET_NAME)";
				SWIFT_EMIT_LOC_STRINGS = NO;
				SWIFT_VERSION = 5.0;
				TARGETED_DEVICE_FAMILY = "1,2";
				TEST_HOST = "$(BUILT_PRODUCTS_DIR)/GitHub.app/GitHub";
			};
			name = Debug;
		};
		C70721E428EFFCCD00844D21 /* Release */ = {
			isa = XCBuildConfiguration;
			buildSettings = {
				ALWAYS_EMBED_SWIFT_STANDARD_LIBRARIES = YES;
				BUNDLE_LOADER = "$(TEST_HOST)";
				CODE_SIGN_STYLE = Automatic;
				CURRENT_PROJECT_VERSION = 1;
				DEVELOPMENT_TEAM = G3X3Y83455;
				GENERATE_INFOPLIST_FILE = YES;
				IPHONEOS_DEPLOYMENT_TARGET = 15.5;
				MARKETING_VERSION = 1.0;
				PRODUCT_BUNDLE_IDENTIFIER = Sreekanth.GitHubTests;
				PRODUCT_NAME = "$(TARGET_NAME)";
				SWIFT_EMIT_LOC_STRINGS = NO;
				SWIFT_VERSION = 5.0;
				TARGETED_DEVICE_FAMILY = "1,2";
				TEST_HOST = "$(BUILT_PRODUCTS_DIR)/GitHub.app/GitHub";
			};
			name = Release;
		};
		C70721E628EFFCCD00844D21 /* Debug */ = {
			isa = XCBuildConfiguration;
			buildSettings = {
				ALWAYS_EMBED_SWIFT_STANDARD_LIBRARIES = YES;
				CODE_SIGN_STYLE = Automatic;
				CURRENT_PROJECT_VERSION = 1;
				DEVELOPMENT_TEAM = G3X3Y83455;
				GENERATE_INFOPLIST_FILE = YES;
				MARKETING_VERSION = 1.0;
				PRODUCT_BUNDLE_IDENTIFIER = Sreekanth.GitHubUITests;
				PRODUCT_NAME = "$(TARGET_NAME)";
				SWIFT_EMIT_LOC_STRINGS = NO;
				SWIFT_VERSION = 5.0;
				TARGETED_DEVICE_FAMILY = "1,2";
				TEST_TARGET_NAME = GitHub;
			};
			name = Debug;
		};
		C70721E728EFFCCD00844D21 /* Release */ = {
			isa = XCBuildConfiguration;
			buildSettings = {
				ALWAYS_EMBED_SWIFT_STANDARD_LIBRARIES = YES;
				CODE_SIGN_STYLE = Automatic;
				CURRENT_PROJECT_VERSION = 1;
				DEVELOPMENT_TEAM = G3X3Y83455;
				GENERATE_INFOPLIST_FILE = YES;
				MARKETING_VERSION = 1.0;
				PRODUCT_BUNDLE_IDENTIFIER = Sreekanth.GitHubUITests;
				PRODUCT_NAME = "$(TARGET_NAME)";
				SWIFT_EMIT_LOC_STRINGS = NO;
				SWIFT_VERSION = 5.0;
				TARGETED_DEVICE_FAMILY = "1,2";
				TEST_TARGET_NAME = GitHub;
			};
			name = Release;
		};
/* End XCBuildConfiguration section */

/* Begin XCConfigurationList section */
		C70721B028EFFCCB00844D21 /* Build configuration list for PBXProject "GitHub" */ = {
			isa = XCConfigurationList;
			buildConfigurations = (
				C70721DD28EFFCCD00844D21 /* Debug */,
				C70721DE28EFFCCD00844D21 /* Release */,
			);
			defaultConfigurationIsVisible = 0;
			defaultConfigurationName = Release;
		};
		C70721DF28EFFCCD00844D21 /* Build configuration list for PBXNativeTarget "GitHub" */ = {
			isa = XCConfigurationList;
			buildConfigurations = (
				C70721E028EFFCCD00844D21 /* Debug */,
				C70721E128EFFCCD00844D21 /* Release */,
			);
			defaultConfigurationIsVisible = 0;
			defaultConfigurationName = Release;
		};
		C70721E228EFFCCD00844D21 /* Build configuration list for PBXNativeTarget "GitHubTests" */ = {
			isa = XCConfigurationList;
			buildConfigurations = (
				C70721E328EFFCCD00844D21 /* Debug */,
				C70721E428EFFCCD00844D21 /* Release */,
			);
			defaultConfigurationIsVisible = 0;
			defaultConfigurationName = Release;
		};
		C70721E528EFFCCD00844D21 /* Build configuration list for PBXNativeTarget "GitHubUITests" */ = {
			isa = XCConfigurationList;
			buildConfigurations = (
				C70721E628EFFCCD00844D21 /* Debug */,
				C70721E728EFFCCD00844D21 /* Release */,
			);
			defaultConfigurationIsVisible = 0;
			defaultConfigurationName = Release;
		};
/* End XCConfigurationList section */
	};
	rootObject = C70721AD28EFFCCB00844D21 /* Project object */;
}
