// !$*UTF8*$!
{
	archiveVersion = 1;
	classes = {
	};
	objectVersion = 55;
	objects = {

/* Begin PBXBuildFile section */
		16CFF3332F14C5402B235321 /* Pods_GitHubTests.framework in Frameworks */ = {isa = PBXBuildFile; fileRef = D510708579FD362F39EF9996 /* Pods_GitHubTests.framework */; };
		C70721B928EFFCCB00844D21 /* AppDelegate.swift in Sources */ = {isa = PBXBuildFile; fileRef = C70721B828EFFCCB00844D21 /* AppDelegate.swift */; };
		C70721BB28EFFCCB00844D21 /* SceneDelegate.swift in Sources */ = {isa = PBXBuildFile; fileRef = C70721BA28EFFCCB00844D21 /* SceneDelegate.swift */; };
		C70721C028EFFCCB00844D21 /* Main.storyboard in Resources */ = {isa = PBXBuildFile; fileRef = C70721BE28EFFCCB00844D21 /* Main.storyboard */; };
		C70721C228EFFCCD00844D21 /* Assets.xcassets in Resources */ = {isa = PBXBuildFile; fileRef = C70721C128EFFCCD00844D21 /* Assets.xcassets */; };
		C70721C528EFFCCD00844D21 /* LaunchScreen.storyboard in Resources */ = {isa = PBXBuildFile; fileRef = C70721C328EFFCCD00844D21 /* LaunchScreen.storyboard */; };
		C70721EA28F07A0E00844D21 /* PullRequest.swift in Sources */ = {isa = PBXBuildFile; fileRef = C70721E928F07A0E00844D21 /* PullRequest.swift */; };
		C70721EC28F07BB800844D21 /* PullsLoader.swift in Sources */ = {isa = PBXBuildFile; fileRef = C70721EB28F07BB800844D21 /* PullsLoader.swift */; };
		C70721EF28F15A6E00844D21 /* RemotePullReqLoaderTests.swift in Sources */ = {isa = PBXBuildFile; fileRef = C70721EE28F15A6E00844D21 /* RemotePullReqLoaderTests.swift */; };
		C70721F228F166DC00844D21 /* RemotePullReqLoader.swift in Sources */ = {isa = PBXBuildFile; fileRef = C70721F128F166DC00844D21 /* RemotePullReqLoader.swift */; };
		C70721F428F1E93800844D21 /* HTTPClient.swift in Sources */ = {isa = PBXBuildFile; fileRef = C70721F328F1E93800844D21 /* HTTPClient.swift */; };
		C70721F628F1E9AF00844D21 /* PullRequestMapper.swift in Sources */ = {isa = PBXBuildFile; fileRef = C70721F528F1E9AF00844D21 /* PullRequestMapper.swift */; };
		C70721F928F1F90600844D21 /* AlamofireHttpClientTests.swift in Sources */ = {isa = PBXBuildFile; fileRef = C70721F828F1F90600844D21 /* AlamofireHttpClientTests.swift */; };
		C70721FB28F206A900844D21 /* XCTestCase+MemoryLeakTracking.swift in Sources */ = {isa = PBXBuildFile; fileRef = C70721FA28F206A900844D21 /* XCTestCase+MemoryLeakTracking.swift */; };
		C70721FD28F21E4A00844D21 /* AlamofireHTTPClient.swift in Sources */ = {isa = PBXBuildFile; fileRef = C70721FC28F21E4A00844D21 /* AlamofireHTTPClient.swift */; };
		C707220528F224BF00844D21 /* GitHubPRsApiEndToEndTests.swift in Sources */ = {isa = PBXBuildFile; fileRef = C707220428F224BF00844D21 /* GitHubPRsApiEndToEndTests.swift */; };
		C707220A28F2A97400844D21 /* PullsViewController.swift in Sources */ = {isa = PBXBuildFile; fileRef = C707220928F2A97400844D21 /* PullsViewController.swift */; };
		C707220C28F2AB3300844D21 /* PullReqCell.swift in Sources */ = {isa = PBXBuildFile; fileRef = C707220B28F2AB3300844D21 /* PullReqCell.swift */; };
		C707221428F2C17100844D21 /* GitHubiOSTests.swift in Sources */ = {isa = PBXBuildFile; fileRef = C707221328F2C17100844D21 /* GitHubiOSTests.swift */; };
		E004CC03743EF9D43CEB392A /* Pods_GitHub.framework in Frameworks */ = {isa = PBXBuildFile; fileRef = 097FF795BE32BBE0F335F0D7 /* Pods_GitHub.framework */; };
/* End PBXBuildFile section */

/* Begin PBXContainerItemProxy section */
		C70721CC28EFFCCD00844D21 /* PBXContainerItemProxy */ = {
			isa = PBXContainerItemProxy;
			containerPortal = C70721AD28EFFCCB00844D21 /* Project object */;
			proxyType = 1;
			remoteGlobalIDString = C70721B428EFFCCB00844D21;
			remoteInfo = GitHub;
		};
		C707221528F2C17100844D21 /* PBXContainerItemProxy */ = {
			isa = PBXContainerItemProxy;
			containerPortal = C70721AD28EFFCCB00844D21 /* Project object */;
			proxyType = 1;
			remoteGlobalIDString = C70721B428EFFCCB00844D21;
			remoteInfo = GitHub;
		};
/* End PBXContainerItemProxy section */

/* Begin PBXFileReference section */
		097FF795BE32BBE0F335F0D7 /* Pods_GitHub.framework */ = {isa = PBXFileReference; explicitFileType = wrapper.framework; includeInIndex = 0; path = Pods_GitHub.framework; sourceTree = BUILT_PRODUCTS_DIR; };
		3D9A95F78EB6740923847D5C /* Pods-GitHub.release.xcconfig */ = {isa = PBXFileReference; includeInIndex = 1; lastKnownFileType = text.xcconfig; name = "Pods-GitHub.release.xcconfig"; path = "Target Support Files/Pods-GitHub/Pods-GitHub.release.xcconfig"; sourceTree = "<group>"; };
		98839BD0C2C4ABDBF59E8F3A /* Pods-GitHubTests.release.xcconfig */ = {isa = PBXFileReference; includeInIndex = 1; lastKnownFileType = text.xcconfig; name = "Pods-GitHubTests.release.xcconfig"; path = "Target Support Files/Pods-GitHubTests/Pods-GitHubTests.release.xcconfig"; sourceTree = "<group>"; };
		B0815C8EDD4F0F82434B558A /* Pods-GitHub.debug.xcconfig */ = {isa = PBXFileReference; includeInIndex = 1; lastKnownFileType = text.xcconfig; name = "Pods-GitHub.debug.xcconfig"; path = "Target Support Files/Pods-GitHub/Pods-GitHub.debug.xcconfig"; sourceTree = "<group>"; };
		C70721B528EFFCCB00844D21 /* GitHub.app */ = {isa = PBXFileReference; explicitFileType = wrapper.application; includeInIndex = 0; path = GitHub.app; sourceTree = BUILT_PRODUCTS_DIR; };
		C70721B828EFFCCB00844D21 /* AppDelegate.swift */ = {isa = PBXFileReference; lastKnownFileType = sourcecode.swift; path = AppDelegate.swift; sourceTree = "<group>"; };
		C70721BA28EFFCCB00844D21 /* SceneDelegate.swift */ = {isa = PBXFileReference; lastKnownFileType = sourcecode.swift; path = SceneDelegate.swift; sourceTree = "<group>"; };
		C70721BF28EFFCCB00844D21 /* Base */ = {isa = PBXFileReference; lastKnownFileType = file.storyboard; name = Base; path = Base.lproj/Main.storyboard; sourceTree = "<group>"; };
		C70721C128EFFCCD00844D21 /* Assets.xcassets */ = {isa = PBXFileReference; lastKnownFileType = folder.assetcatalog; path = Assets.xcassets; sourceTree = "<group>"; };
		C70721C428EFFCCD00844D21 /* Base */ = {isa = PBXFileReference; lastKnownFileType = file.storyboard; name = Base; path = Base.lproj/LaunchScreen.storyboard; sourceTree = "<group>"; };
		C70721C628EFFCCD00844D21 /* Info.plist */ = {isa = PBXFileReference; lastKnownFileType = text.plist.xml; path = Info.plist; sourceTree = "<group>"; };
		C70721CB28EFFCCD00844D21 /* GitHubTests.xctest */ = {isa = PBXFileReference; explicitFileType = wrapper.cfbundle; includeInIndex = 0; path = GitHubTests.xctest; sourceTree = BUILT_PRODUCTS_DIR; };
		C70721D928EFFCCD00844D21 /* GitHubUITests.swift */ = {isa = PBXFileReference; lastKnownFileType = sourcecode.swift; path = GitHubUITests.swift; sourceTree = "<group>"; };
		C70721DB28EFFCCD00844D21 /* GitHubUITestsLaunchTests.swift */ = {isa = PBXFileReference; lastKnownFileType = sourcecode.swift; path = GitHubUITestsLaunchTests.swift; sourceTree = "<group>"; };
		C70721E828F0465700844D21 /* README.md */ = {isa = PBXFileReference; lastKnownFileType = net.daringfireball.markdown; path = README.md; sourceTree = "<group>"; };
		C70721E928F07A0E00844D21 /* PullRequest.swift */ = {isa = PBXFileReference; lastKnownFileType = sourcecode.swift; path = PullRequest.swift; sourceTree = "<group>"; };
		C70721EB28F07BB800844D21 /* PullsLoader.swift */ = {isa = PBXFileReference; lastKnownFileType = sourcecode.swift; path = PullsLoader.swift; sourceTree = "<group>"; };
		C70721EE28F15A6E00844D21 /* RemotePullReqLoaderTests.swift */ = {isa = PBXFileReference; lastKnownFileType = sourcecode.swift; path = RemotePullReqLoaderTests.swift; sourceTree = "<group>"; };
		C70721F128F166DC00844D21 /* RemotePullReqLoader.swift */ = {isa = PBXFileReference; lastKnownFileType = sourcecode.swift; path = RemotePullReqLoader.swift; sourceTree = "<group>"; };
		C70721F328F1E93800844D21 /* HTTPClient.swift */ = {isa = PBXFileReference; lastKnownFileType = sourcecode.swift; path = HTTPClient.swift; sourceTree = "<group>"; };
		C70721F528F1E9AF00844D21 /* PullRequestMapper.swift */ = {isa = PBXFileReference; lastKnownFileType = sourcecode.swift; path = PullRequestMapper.swift; sourceTree = "<group>"; };
		C70721F828F1F90600844D21 /* AlamofireHttpClientTests.swift */ = {isa = PBXFileReference; lastKnownFileType = sourcecode.swift; path = AlamofireHttpClientTests.swift; sourceTree = "<group>"; };
		C70721FA28F206A900844D21 /* XCTestCase+MemoryLeakTracking.swift */ = {isa = PBXFileReference; lastKnownFileType = sourcecode.swift; path = "XCTestCase+MemoryLeakTracking.swift"; sourceTree = "<group>"; };
		C70721FC28F21E4A00844D21 /* AlamofireHTTPClient.swift */ = {isa = PBXFileReference; lastKnownFileType = sourcecode.swift; path = AlamofireHTTPClient.swift; sourceTree = "<group>"; };
		C707220228F224BF00844D21 /* GitHubPRsApiEndToEndTests.xctest */ = {isa = PBXFileReference; explicitFileType = wrapper.cfbundle; includeInIndex = 0; path = GitHubPRsApiEndToEndTests.xctest; sourceTree = BUILT_PRODUCTS_DIR; };
		C707220428F224BF00844D21 /* GitHubPRsApiEndToEndTests.swift */ = {isa = PBXFileReference; lastKnownFileType = sourcecode.swift; path = GitHubPRsApiEndToEndTests.swift; sourceTree = "<group>"; };
		C707220928F2A97400844D21 /* PullsViewController.swift */ = {isa = PBXFileReference; lastKnownFileType = sourcecode.swift; path = PullsViewController.swift; sourceTree = "<group>"; };
		C707220B28F2AB3300844D21 /* PullReqCell.swift */ = {isa = PBXFileReference; lastKnownFileType = sourcecode.swift; path = PullReqCell.swift; sourceTree = "<group>"; };
		C707221128F2C17000844D21 /* GitHubiOSTests.xctest */ = {isa = PBXFileReference; explicitFileType = wrapper.cfbundle; includeInIndex = 0; path = GitHubiOSTests.xctest; sourceTree = BUILT_PRODUCTS_DIR; };
		C707221328F2C17100844D21 /* GitHubiOSTests.swift */ = {isa = PBXFileReference; lastKnownFileType = sourcecode.swift; path = GitHubiOSTests.swift; sourceTree = "<group>"; };
		CF009F36ACF3E53D72183C14 /* Pods-GitHub-GitHubUITests.release.xcconfig */ = {isa = PBXFileReference; includeInIndex = 1; lastKnownFileType = text.xcconfig; name = "Pods-GitHub-GitHubUITests.release.xcconfig"; path = "Target Support Files/Pods-GitHub-GitHubUITests/Pods-GitHub-GitHubUITests.release.xcconfig"; sourceTree = "<group>"; };
		D510708579FD362F39EF9996 /* Pods_GitHubTests.framework */ = {isa = PBXFileReference; explicitFileType = wrapper.framework; includeInIndex = 0; path = Pods_GitHubTests.framework; sourceTree = BUILT_PRODUCTS_DIR; };
		E1CFC2BC1BF8861F0EECB5B5 /* Pods_GitHub_GitHubUITests.framework */ = {isa = PBXFileReference; explicitFileType = wrapper.framework; includeInIndex = 0; path = Pods_GitHub_GitHubUITests.framework; sourceTree = BUILT_PRODUCTS_DIR; };
		F3500CD7AB6A7AA47ADA7A91 /* Pods-GitHubTests.debug.xcconfig */ = {isa = PBXFileReference; includeInIndex = 1; lastKnownFileType = text.xcconfig; name = "Pods-GitHubTests.debug.xcconfig"; path = "Target Support Files/Pods-GitHubTests/Pods-GitHubTests.debug.xcconfig"; sourceTree = "<group>"; };
		F571B53E87A8659F1DE202AE /* Pods-GitHub-GitHubUITests.debug.xcconfig */ = {isa = PBXFileReference; includeInIndex = 1; lastKnownFileType = text.xcconfig; name = "Pods-GitHub-GitHubUITests.debug.xcconfig"; path = "Target Support Files/Pods-GitHub-GitHubUITests/Pods-GitHub-GitHubUITests.debug.xcconfig"; sourceTree = "<group>"; };
/* End PBXFileReference section */

/* Begin PBXFrameworksBuildPhase section */
		C70721B228EFFCCB00844D21 /* Frameworks */ = {
			isa = PBXFrameworksBuildPhase;
			buildActionMask = 2147483647;
			files = (
				E004CC03743EF9D43CEB392A /* Pods_GitHub.framework in Frameworks */,
			);
			runOnlyForDeploymentPostprocessing = 0;
		};
		C70721C828EFFCCD00844D21 /* Frameworks */ = {
			isa = PBXFrameworksBuildPhase;
			buildActionMask = 2147483647;
			files = (
				16CFF3332F14C5402B235321 /* Pods_GitHubTests.framework in Frameworks */,
			);
			runOnlyForDeploymentPostprocessing = 0;
		};
		C70721FF28F224BF00844D21 /* Frameworks */ = {
			isa = PBXFrameworksBuildPhase;
			buildActionMask = 2147483647;
			files = (
			);
			runOnlyForDeploymentPostprocessing = 0;
		};
		C707220E28F2C17000844D21 /* Frameworks */ = {
			isa = PBXFrameworksBuildPhase;
			buildActionMask = 2147483647;
			files = (
			);
			runOnlyForDeploymentPostprocessing = 0;
		};
/* End PBXFrameworksBuildPhase section */

/* Begin PBXGroup section */
		874A3B8F6BD279D5B4809E28 /* Frameworks */ = {
			isa = PBXGroup;
			children = (
				097FF795BE32BBE0F335F0D7 /* Pods_GitHub.framework */,
				E1CFC2BC1BF8861F0EECB5B5 /* Pods_GitHub_GitHubUITests.framework */,
				D510708579FD362F39EF9996 /* Pods_GitHubTests.framework */,
			);
			name = Frameworks;
			sourceTree = "<group>";
		};
		C70721AC28EFFCCB00844D21 = {
			isa = PBXGroup;
			children = (
				C70721E828F0465700844D21 /* README.md */,
				C70721B728EFFCCB00844D21 /* GitHub */,
				C70721CE28EFFCCD00844D21 /* GitHubTests */,
				C70721D828EFFCCD00844D21 /* GitHubUITests */,
				C707220328F224BF00844D21 /* GitHubPRsApiEndToEndTests */,
				C707221228F2C17100844D21 /* GitHubiOSTests */,
				C70721B628EFFCCB00844D21 /* Products */,
				F55D973B05D35622AB2B0A6B /* Pods */,
				874A3B8F6BD279D5B4809E28 /* Frameworks */,
			);
			sourceTree = "<group>";
		};
		C70721B628EFFCCB00844D21 /* Products */ = {
			isa = PBXGroup;
			children = (
				C70721B528EFFCCB00844D21 /* GitHub.app */,
				C70721CB28EFFCCD00844D21 /* GitHubTests.xctest */,
				C707220228F224BF00844D21 /* GitHubPRsApiEndToEndTests.xctest */,
				C707221128F2C17000844D21 /* GitHubiOSTests.xctest */,
			);
			name = Products;
			sourceTree = "<group>";
		};
		C70721B728EFFCCB00844D21 /* GitHub */ = {
			isa = PBXGroup;
			children = (
				C70721ED28F07D3F00844D21 /* PullRequestsFeature */,
				C70721F028F166B500844D21 /* PullReqApi */,
				C70721B828EFFCCB00844D21 /* AppDelegate.swift */,
				C70721BA28EFFCCB00844D21 /* SceneDelegate.swift */,
				C707220928F2A97400844D21 /* PullsViewController.swift */,
				C707220B28F2AB3300844D21 /* PullReqCell.swift */,
				C70721BE28EFFCCB00844D21 /* Main.storyboard */,
				C70721C128EFFCCD00844D21 /* Assets.xcassets */,
				C70721C328EFFCCD00844D21 /* LaunchScreen.storyboard */,
				C70721C628EFFCCD00844D21 /* Info.plist */,
			);
			path = GitHub;
			sourceTree = "<group>";
		};
		C70721CE28EFFCCD00844D21 /* GitHubTests */ = {
			isa = PBXGroup;
			children = (
				C70721FA28F206A900844D21 /* XCTestCase+MemoryLeakTracking.swift */,
				C70721F728F1F04C00844D21 /* PullRequestApi */,
			);
			path = GitHubTests;
			sourceTree = "<group>";
		};
		C70721D828EFFCCD00844D21 /* GitHubUITests */ = {
			isa = PBXGroup;
			children = (
				C70721D928EFFCCD00844D21 /* GitHubUITests.swift */,
				C70721DB28EFFCCD00844D21 /* GitHubUITestsLaunchTests.swift */,
			);
			path = GitHubUITests;
			sourceTree = "<group>";
		};
		C70721ED28F07D3F00844D21 /* PullRequestsFeature */ = {
			isa = PBXGroup;
			children = (
				C70721E928F07A0E00844D21 /* PullRequest.swift */,
				C70721EB28F07BB800844D21 /* PullsLoader.swift */,
			);
			path = PullRequestsFeature;
			sourceTree = "<group>";
		};
		C70721F028F166B500844D21 /* PullReqApi */ = {
			isa = PBXGroup;
			children = (
				C70721F128F166DC00844D21 /* RemotePullReqLoader.swift */,
				C70721F528F1E9AF00844D21 /* PullRequestMapper.swift */,
				C70721F328F1E93800844D21 /* HTTPClient.swift */,
				C70721FC28F21E4A00844D21 /* AlamofireHTTPClient.swift */,
			);
			path = PullReqApi;
			sourceTree = "<group>";
		};
		C70721F728F1F04C00844D21 /* PullRequestApi */ = {
			isa = PBXGroup;
			children = (
				C70721EE28F15A6E00844D21 /* RemotePullReqLoaderTests.swift */,
				C70721F828F1F90600844D21 /* AlamofireHttpClientTests.swift */,
			);
			path = PullRequestApi;
			sourceTree = "<group>";
		};
		C707220328F224BF00844D21 /* GitHubPRsApiEndToEndTests */ = {
			isa = PBXGroup;
			children = (
				C707220428F224BF00844D21 /* GitHubPRsApiEndToEndTests.swift */,
			);
			path = GitHubPRsApiEndToEndTests;
			sourceTree = "<group>";
		};
		C707221228F2C17100844D21 /* GitHubiOSTests */ = {
			isa = PBXGroup;
			children = (
				C707221328F2C17100844D21 /* GitHubiOSTests.swift */,
			);
			path = GitHubiOSTests;
			sourceTree = "<group>";
		};
		F55D973B05D35622AB2B0A6B /* Pods */ = {
			isa = PBXGroup;
			children = (
				B0815C8EDD4F0F82434B558A /* Pods-GitHub.debug.xcconfig */,
				3D9A95F78EB6740923847D5C /* Pods-GitHub.release.xcconfig */,
				F571B53E87A8659F1DE202AE /* Pods-GitHub-GitHubUITests.debug.xcconfig */,
				CF009F36ACF3E53D72183C14 /* Pods-GitHub-GitHubUITests.release.xcconfig */,
				F3500CD7AB6A7AA47ADA7A91 /* Pods-GitHubTests.debug.xcconfig */,
				98839BD0C2C4ABDBF59E8F3A /* Pods-GitHubTests.release.xcconfig */,
			);
			path = Pods;
			sourceTree = "<group>";
		};
/* End PBXGroup section */

/* Begin PBXNativeTarget section */
		C70721B428EFFCCB00844D21 /* GitHub */ = {
			isa = PBXNativeTarget;
			buildConfigurationList = C70721DF28EFFCCD00844D21 /* Build configuration list for PBXNativeTarget "GitHub" */;
			buildPhases = (
				ED1D8ADD08819CE70BE53ECB /* [CP] Check Pods Manifest.lock */,
				C70721B128EFFCCB00844D21 /* Sources */,
				C70721B228EFFCCB00844D21 /* Frameworks */,
				C70721B328EFFCCB00844D21 /* Resources */,
				3D49E880D2A3DDB894CCB870 /* [CP] Embed Pods Frameworks */,
			);
			buildRules = (
			);
			dependencies = (
			);
			name = GitHub;
			productName = GitHub;
			productReference = C70721B528EFFCCB00844D21 /* GitHub.app */;
			productType = "com.apple.product-type.application";
		};
		C70721CA28EFFCCD00844D21 /* GitHubTests */ = {
			isa = PBXNativeTarget;
			buildConfigurationList = C70721E228EFFCCD00844D21 /* Build configuration list for PBXNativeTarget "GitHubTests" */;
			buildPhases = (
				09F7771866700A56E21E0911 /* [CP] Check Pods Manifest.lock */,
				C70721C728EFFCCD00844D21 /* Sources */,
				C70721C828EFFCCD00844D21 /* Frameworks */,
				C70721C928EFFCCD00844D21 /* Resources */,
				5FF48CA9C7FAFF33B2D714F5 /* [CP] Embed Pods Frameworks */,
			);
			buildRules = (
			);
			dependencies = (
				C70721CD28EFFCCD00844D21 /* PBXTargetDependency */,
			);
			name = GitHubTests;
			productName = GitHubTests;
			productReference = C70721CB28EFFCCD00844D21 /* GitHubTests.xctest */;
			productType = "com.apple.product-type.bundle.unit-test";
		};
		C707220128F224BF00844D21 /* GitHubPRsApiEndToEndTests */ = {
			isa = PBXNativeTarget;
			buildConfigurationList = C707220628F224BF00844D21 /* Build configuration list for PBXNativeTarget "GitHubPRsApiEndToEndTests" */;
			buildPhases = (
				C70721FE28F224BF00844D21 /* Sources */,
				C70721FF28F224BF00844D21 /* Frameworks */,
				C707220028F224BF00844D21 /* Resources */,
			);
			buildRules = (
			);
			dependencies = (
			);
			name = GitHubPRsApiEndToEndTests;
			productName = GitHubPRsApiEndToEndTests;
			productReference = C707220228F224BF00844D21 /* GitHubPRsApiEndToEndTests.xctest */;
			productType = "com.apple.product-type.bundle.unit-test";
		};
		C707221028F2C17000844D21 /* GitHubiOSTests */ = {
			isa = PBXNativeTarget;
			buildConfigurationList = C707221728F2C17100844D21 /* Build configuration list for PBXNativeTarget "GitHubiOSTests" */;
			buildPhases = (
				C707220D28F2C17000844D21 /* Sources */,
				C707220E28F2C17000844D21 /* Frameworks */,
				C707220F28F2C17000844D21 /* Resources */,
			);
			buildRules = (
			);
			dependencies = (
				C707221628F2C17100844D21 /* PBXTargetDependency */,
			);
			name = GitHubiOSTests;
			productName = GitHubiOSTests;
			productReference = C707221128F2C17000844D21 /* GitHubiOSTests.xctest */;
			productType = "com.apple.product-type.bundle.unit-test";
		};
/* End PBXNativeTarget section */

/* Begin PBXProject section */
		C70721AD28EFFCCB00844D21 /* Project object */ = {
			isa = PBXProject;
			attributes = {
				BuildIndependentTargetsInParallel = 1;
				LastSwiftUpdateCheck = 1340;
				LastUpgradeCheck = 1340;
				TargetAttributes = {
					C70721B428EFFCCB00844D21 = {
						CreatedOnToolsVersion = 13.4.1;
					};
					C70721CA28EFFCCD00844D21 = {
						CreatedOnToolsVersion = 13.4.1;
						TestTargetID = C70721B428EFFCCB00844D21;
					};
					C707220128F224BF00844D21 = {
						CreatedOnToolsVersion = 13.4.1;
					};
					C707221028F2C17000844D21 = {
						CreatedOnToolsVersion = 13.4.1;
						TestTargetID = C70721B428EFFCCB00844D21;
					};
				};
			};
			buildConfigurationList = C70721B028EFFCCB00844D21 /* Build configuration list for PBXProject "GitHub" */;
			compatibilityVersion = "Xcode 13.0";
			developmentRegion = en;
			hasScannedForEncodings = 0;
			knownRegions = (
				en,
				Base,
			);
			mainGroup = C70721AC28EFFCCB00844D21;
			productRefGroup = C70721B628EFFCCB00844D21 /* Products */;
			projectDirPath = "";
			projectRoot = "";
			targets = (
				C70721B428EFFCCB00844D21 /* GitHub */,
				C70721CA28EFFCCD00844D21 /* GitHubTests */,
				C707220128F224BF00844D21 /* GitHubPRsApiEndToEndTests */,
				C707221028F2C17000844D21 /* GitHubiOSTests */,
			);
		};
/* End PBXProject section */

/* Begin PBXResourcesBuildPhase section */
		C70721B328EFFCCB00844D21 /* Resources */ = {
			isa = PBXResourcesBuildPhase;
			buildActionMask = 2147483647;
			files = (
				C70721C528EFFCCD00844D21 /* LaunchScreen.storyboard in Resources */,
				C70721C228EFFCCD00844D21 /* Assets.xcassets in Resources */,
				C70721C028EFFCCB00844D21 /* Main.storyboard in Resources */,
			);
			runOnlyForDeploymentPostprocessing = 0;
		};
		C70721C928EFFCCD00844D21 /* Resources */ = {
			isa = PBXResourcesBuildPhase;
			buildActionMask = 2147483647;
			files = (
			);
			runOnlyForDeploymentPostprocessing = 0;
		};
		C707220028F224BF00844D21 /* Resources */ = {
			isa = PBXResourcesBuildPhase;
			buildActionMask = 2147483647;
			files = (
			);
			runOnlyForDeploymentPostprocessing = 0;
		};
		C707220F28F2C17000844D21 /* Resources */ = {
			isa = PBXResourcesBuildPhase;
			buildActionMask = 2147483647;
			files = (
			);
			runOnlyForDeploymentPostprocessing = 0;
		};
/* End PBXResourcesBuildPhase section */

/* Begin PBXShellScriptBuildPhase section */
		09F7771866700A56E21E0911 /* [CP] Check Pods Manifest.lock */ = {
			isa = PBXShellScriptBuildPhase;
			buildActionMask = 2147483647;
			files = (
			);
			inputFileListPaths = (
			);
			inputPaths = (
				"${PODS_PODFILE_DIR_PATH}/Podfile.lock",
				"${PODS_ROOT}/Manifest.lock",
			);
			name = "[CP] Check Pods Manifest.lock";
			outputFileListPaths = (
			);
			outputPaths = (
				"$(DERIVED_FILE_DIR)/Pods-GitHubTests-checkManifestLockResult.txt",
			);
			runOnlyForDeploymentPostprocessing = 0;
			shellPath = /bin/sh;
			shellScript = "diff \"${PODS_PODFILE_DIR_PATH}/Podfile.lock\" \"${PODS_ROOT}/Manifest.lock\" > /dev/null\nif [ $? != 0 ] ; then\n    # print error to STDERR\n    echo \"error: The sandbox is not in sync with the Podfile.lock. Run 'pod install' or update your CocoaPods installation.\" >&2\n    exit 1\nfi\n# This output is used by Xcode 'outputs' to avoid re-running this script phase.\necho \"SUCCESS\" > \"${SCRIPT_OUTPUT_FILE_0}\"\n";
			showEnvVarsInLog = 0;
		};
		3D49E880D2A3DDB894CCB870 /* [CP] Embed Pods Frameworks */ = {
			isa = PBXShellScriptBuildPhase;
			buildActionMask = 2147483647;
			files = (
			);
			inputFileListPaths = (
				"${PODS_ROOT}/Target Support Files/Pods-GitHub/Pods-GitHub-frameworks-${CONFIGURATION}-input-files.xcfilelist",
			);
			name = "[CP] Embed Pods Frameworks";
			outputFileListPaths = (
				"${PODS_ROOT}/Target Support Files/Pods-GitHub/Pods-GitHub-frameworks-${CONFIGURATION}-output-files.xcfilelist",
			);
			runOnlyForDeploymentPostprocessing = 0;
			shellPath = /bin/sh;
			shellScript = "\"${PODS_ROOT}/Target Support Files/Pods-GitHub/Pods-GitHub-frameworks.sh\"\n";
			showEnvVarsInLog = 0;
		};
		5FF48CA9C7FAFF33B2D714F5 /* [CP] Embed Pods Frameworks */ = {
			isa = PBXShellScriptBuildPhase;
			buildActionMask = 2147483647;
			files = (
			);
			inputFileListPaths = (
				"${PODS_ROOT}/Target Support Files/Pods-GitHubTests/Pods-GitHubTests-frameworks-${CONFIGURATION}-input-files.xcfilelist",
			);
			name = "[CP] Embed Pods Frameworks";
			outputFileListPaths = (
				"${PODS_ROOT}/Target Support Files/Pods-GitHubTests/Pods-GitHubTests-frameworks-${CONFIGURATION}-output-files.xcfilelist",
			);
			runOnlyForDeploymentPostprocessing = 0;
			shellPath = /bin/sh;
			shellScript = "\"${PODS_ROOT}/Target Support Files/Pods-GitHubTests/Pods-GitHubTests-frameworks.sh\"\n";
			showEnvVarsInLog = 0;
		};
		ED1D8ADD08819CE70BE53ECB /* [CP] Check Pods Manifest.lock */ = {
			isa = PBXShellScriptBuildPhase;
			buildActionMask = 2147483647;
			files = (
			);
			inputFileListPaths = (
			);
			inputPaths = (
				"${PODS_PODFILE_DIR_PATH}/Podfile.lock",
				"${PODS_ROOT}/Manifest.lock",
			);
			name = "[CP] Check Pods Manifest.lock";
			outputFileListPaths = (
			);
			outputPaths = (
				"$(DERIVED_FILE_DIR)/Pods-GitHub-checkManifestLockResult.txt",
			);
			runOnlyForDeploymentPostprocessing = 0;
			shellPath = /bin/sh;
			shellScript = "diff \"${PODS_PODFILE_DIR_PATH}/Podfile.lock\" \"${PODS_ROOT}/Manifest.lock\" > /dev/null\nif [ $? != 0 ] ; then\n    # print error to STDERR\n    echo \"error: The sandbox is not in sync with the Podfile.lock. Run 'pod install' or update your CocoaPods installation.\" >&2\n    exit 1\nfi\n# This output is used by Xcode 'outputs' to avoid re-running this script phase.\necho \"SUCCESS\" > \"${SCRIPT_OUTPUT_FILE_0}\"\n";
			showEnvVarsInLog = 0;
		};
/* End PBXShellScriptBuildPhase section */

/* Begin PBXSourcesBuildPhase section */
		C70721B128EFFCCB00844D21 /* Sources */ = {
			isa = PBXSourcesBuildPhase;
			buildActionMask = 2147483647;
			files = (
				C70721F228F166DC00844D21 /* RemotePullReqLoader.swift in Sources */,
				C70721EC28F07BB800844D21 /* PullsLoader.swift in Sources */,
				C70721F428F1E93800844D21 /* HTTPClient.swift in Sources */,
				C707220A28F2A97400844D21 /* PullsViewController.swift in Sources */,
				C70721B928EFFCCB00844D21 /* AppDelegate.swift in Sources */,
				C70721FD28F21E4A00844D21 /* AlamofireHTTPClient.swift in Sources */,
				C70721F628F1E9AF00844D21 /* PullRequestMapper.swift in Sources */,
				C70721EA28F07A0E00844D21 /* PullRequest.swift in Sources */,
				C70721BB28EFFCCB00844D21 /* SceneDelegate.swift in Sources */,
				C707220C28F2AB3300844D21 /* PullReqCell.swift in Sources */,
			);
			runOnlyForDeploymentPostprocessing = 0;
		};
		C70721C728EFFCCD00844D21 /* Sources */ = {
			isa = PBXSourcesBuildPhase;
			buildActionMask = 2147483647;
			files = (
				C70721EF28F15A6E00844D21 /* RemotePullReqLoaderTests.swift in Sources */,
				C70721FB28F206A900844D21 /* XCTestCase+MemoryLeakTracking.swift in Sources */,
				C70721F928F1F90600844D21 /* AlamofireHttpClientTests.swift in Sources */,
			);
			runOnlyForDeploymentPostprocessing = 0;
		};
		C70721FE28F224BF00844D21 /* Sources */ = {
			isa = PBXSourcesBuildPhase;
			buildActionMask = 2147483647;
			files = (
				C707220528F224BF00844D21 /* GitHubPRsApiEndToEndTests.swift in Sources */,
			);
			runOnlyForDeploymentPostprocessing = 0;
		};
		C707220D28F2C17000844D21 /* Sources */ = {
			isa = PBXSourcesBuildPhase;
			buildActionMask = 2147483647;
			files = (
				C707221428F2C17100844D21 /* GitHubiOSTests.swift in Sources */,
			);
			runOnlyForDeploymentPostprocessing = 0;
		};
/* End PBXSourcesBuildPhase section */

/* Begin PBXTargetDependency section */
		C70721CD28EFFCCD00844D21 /* PBXTargetDependency */ = {
			isa = PBXTargetDependency;
			target = C70721B428EFFCCB00844D21 /* GitHub */;
			targetProxy = C70721CC28EFFCCD00844D21 /* PBXContainerItemProxy */;
		};
		C707221628F2C17100844D21 /* PBXTargetDependency */ = {
			isa = PBXTargetDependency;
			target = C70721B428EFFCCB00844D21 /* GitHub */;
			targetProxy = C707221528F2C17100844D21 /* PBXContainerItemProxy */;
		};
/* End PBXTargetDependency section */

/* Begin PBXVariantGroup section */
		C70721BE28EFFCCB00844D21 /* Main.storyboard */ = {
			isa = PBXVariantGroup;
			children = (
				C70721BF28EFFCCB00844D21 /* Base */,
			);
			name = Main.storyboard;
			sourceTree = "<group>";
		};
		C70721C328EFFCCD00844D21 /* LaunchScreen.storyboard */ = {
			isa = PBXVariantGroup;
			children = (
				C70721C428EFFCCD00844D21 /* Base */,
			);
			name = LaunchScreen.storyboard;
			sourceTree = "<group>";
		};
/* End PBXVariantGroup section */

/* Begin XCBuildConfiguration section */
		C70721DD28EFFCCD00844D21 /* Debug */ = {
			isa = XCBuildConfiguration;
			buildSettings = {
				ALWAYS_SEARCH_USER_PATHS = NO;
				CLANG_ANALYZER_NONNULL = YES;
				CLANG_ANALYZER_NUMBER_OBJECT_CONVERSION = YES_AGGRESSIVE;
				CLANG_CXX_LANGUAGE_STANDARD = "gnu++17";
				CLANG_ENABLE_MODULES = YES;
				CLANG_ENABLE_OBJC_ARC = YES;
				CLANG_ENABLE_OBJC_WEAK = YES;
				CLANG_WARN_BLOCK_CAPTURE_AUTORELEASING = YES;
				CLANG_WARN_BOOL_CONVERSION = YES;
				CLANG_WARN_COMMA = YES;
				CLANG_WARN_CONSTANT_CONVERSION = YES;
				CLANG_WARN_DEPRECATED_OBJC_IMPLEMENTATIONS = YES;
				CLANG_WARN_DIRECT_OBJC_ISA_USAGE = YES_ERROR;
				CLANG_WARN_DOCUMENTATION_COMMENTS = YES;
				CLANG_WARN_EMPTY_BODY = YES;
				CLANG_WARN_ENUM_CONVERSION = YES;
				CLANG_WARN_INFINITE_RECURSION = YES;
				CLANG_WARN_INT_CONVERSION = YES;
				CLANG_WARN_NON_LITERAL_NULL_CONVERSION = YES;
				CLANG_WARN_OBJC_IMPLICIT_RETAIN_SELF = YES;
				CLANG_WARN_OBJC_LITERAL_CONVERSION = YES;
				CLANG_WARN_OBJC_ROOT_CLASS = YES_ERROR;
				CLANG_WARN_QUOTED_INCLUDE_IN_FRAMEWORK_HEADER = YES;
				CLANG_WARN_RANGE_LOOP_ANALYSIS = YES;
				CLANG_WARN_STRICT_PROTOTYPES = YES;
				CLANG_WARN_SUSPICIOUS_MOVE = YES;
				CLANG_WARN_UNGUARDED_AVAILABILITY = YES_AGGRESSIVE;
				CLANG_WARN_UNREACHABLE_CODE = YES;
				CLANG_WARN__DUPLICATE_METHOD_MATCH = YES;
				COPY_PHASE_STRIP = NO;
				DEBUG_INFORMATION_FORMAT = dwarf;
				ENABLE_STRICT_OBJC_MSGSEND = YES;
				ENABLE_TESTABILITY = YES;
				GCC_C_LANGUAGE_STANDARD = gnu11;
				GCC_DYNAMIC_NO_PIC = NO;
				GCC_NO_COMMON_BLOCKS = YES;
				GCC_OPTIMIZATION_LEVEL = 0;
				GCC_PREPROCESSOR_DEFINITIONS = (
					"DEBUG=1",
					"$(inherited)",
				);
				GCC_WARN_64_TO_32_BIT_CONVERSION = YES;
				GCC_WARN_ABOUT_RETURN_TYPE = YES_ERROR;
				GCC_WARN_UNDECLARED_SELECTOR = YES;
				GCC_WARN_UNINITIALIZED_AUTOS = YES_AGGRESSIVE;
				GCC_WARN_UNUSED_FUNCTION = YES;
				GCC_WARN_UNUSED_VARIABLE = YES;
				IPHONEOS_DEPLOYMENT_TARGET = 15.5;
				MTL_ENABLE_DEBUG_INFO = INCLUDE_SOURCE;
				MTL_FAST_MATH = YES;
				ONLY_ACTIVE_ARCH = YES;
				SDKROOT = iphoneos;
				SWIFT_ACTIVE_COMPILATION_CONDITIONS = DEBUG;
				SWIFT_OPTIMIZATION_LEVEL = "-Onone";
			};
			name = Debug;
		};
		C70721DE28EFFCCD00844D21 /* Release */ = {
			isa = XCBuildConfiguration;
			buildSettings = {
				ALWAYS_SEARCH_USER_PATHS = NO;
				CLANG_ANALYZER_NONNULL = YES;
				CLANG_ANALYZER_NUMBER_OBJECT_CONVERSION = YES_AGGRESSIVE;
				CLANG_CXX_LANGUAGE_STANDARD = "gnu++17";
				CLANG_ENABLE_MODULES = YES;
				CLANG_ENABLE_OBJC_ARC = YES;
				CLANG_ENABLE_OBJC_WEAK = YES;
				CLANG_WARN_BLOCK_CAPTURE_AUTORELEASING = YES;
				CLANG_WARN_BOOL_CONVERSION = YES;
				CLANG_WARN_COMMA = YES;
				CLANG_WARN_CONSTANT_CONVERSION = YES;
				CLANG_WARN_DEPRECATED_OBJC_IMPLEMENTATIONS = YES;
				CLANG_WARN_DIRECT_OBJC_ISA_USAGE = YES_ERROR;
				CLANG_WARN_DOCUMENTATION_COMMENTS = YES;
				CLANG_WARN_EMPTY_BODY = YES;
				CLANG_WARN_ENUM_CONVERSION = YES;
				CLANG_WARN_INFINITE_RECURSION = YES;
				CLANG_WARN_INT_CONVERSION = YES;
				CLANG_WARN_NON_LITERAL_NULL_CONVERSION = YES;
				CLANG_WARN_OBJC_IMPLICIT_RETAIN_SELF = YES;
				CLANG_WARN_OBJC_LITERAL_CONVERSION = YES;
				CLANG_WARN_OBJC_ROOT_CLASS = YES_ERROR;
				CLANG_WARN_QUOTED_INCLUDE_IN_FRAMEWORK_HEADER = YES;
				CLANG_WARN_RANGE_LOOP_ANALYSIS = YES;
				CLANG_WARN_STRICT_PROTOTYPES = YES;
				CLANG_WARN_SUSPICIOUS_MOVE = YES;
				CLANG_WARN_UNGUARDED_AVAILABILITY = YES_AGGRESSIVE;
				CLANG_WARN_UNREACHABLE_CODE = YES;
				CLANG_WARN__DUPLICATE_METHOD_MATCH = YES;
				COPY_PHASE_STRIP = NO;
				DEBUG_INFORMATION_FORMAT = "dwarf-with-dsym";
				ENABLE_NS_ASSERTIONS = NO;
				ENABLE_STRICT_OBJC_MSGSEND = YES;
				GCC_C_LANGUAGE_STANDARD = gnu11;
				GCC_NO_COMMON_BLOCKS = YES;
				GCC_WARN_64_TO_32_BIT_CONVERSION = YES;
				GCC_WARN_ABOUT_RETURN_TYPE = YES_ERROR;
				GCC_WARN_UNDECLARED_SELECTOR = YES;
				GCC_WARN_UNINITIALIZED_AUTOS = YES_AGGRESSIVE;
				GCC_WARN_UNUSED_FUNCTION = YES;
				GCC_WARN_UNUSED_VARIABLE = YES;
				IPHONEOS_DEPLOYMENT_TARGET = 15.5;
				MTL_ENABLE_DEBUG_INFO = NO;
				MTL_FAST_MATH = YES;
				SDKROOT = iphoneos;
				SWIFT_COMPILATION_MODE = wholemodule;
				SWIFT_OPTIMIZATION_LEVEL = "-O";
				VALIDATE_PRODUCT = YES;
			};
			name = Release;
		};
		C70721E028EFFCCD00844D21 /* Debug */ = {
			isa = XCBuildConfiguration;
			baseConfigurationReference = B0815C8EDD4F0F82434B558A /* Pods-GitHub.debug.xcconfig */;
			buildSettings = {
				ASSETCATALOG_COMPILER_APPICON_NAME = AppIcon;
				ASSETCATALOG_COMPILER_GLOBAL_ACCENT_COLOR_NAME = AccentColor;
				CODE_SIGN_STYLE = Automatic;
				CURRENT_PROJECT_VERSION = 1;
				DEVELOPMENT_TEAM = G3X3Y83455;
				GENERATE_INFOPLIST_FILE = YES;
				INFOPLIST_FILE = GitHub/Info.plist;
				INFOPLIST_KEY_UIApplicationSupportsIndirectInputEvents = YES;
				INFOPLIST_KEY_UILaunchStoryboardName = LaunchScreen;
				INFOPLIST_KEY_UIMainStoryboardFile = Main;
				INFOPLIST_KEY_UISupportedInterfaceOrientations_iPad = "UIInterfaceOrientationPortrait UIInterfaceOrientationPortraitUpsideDown UIInterfaceOrientationLandscapeLeft UIInterfaceOrientationLandscapeRight";
				INFOPLIST_KEY_UISupportedInterfaceOrientations_iPhone = "UIInterfaceOrientationPortrait UIInterfaceOrientationLandscapeLeft UIInterfaceOrientationLandscapeRight";
				LD_RUNPATH_SEARCH_PATHS = (
					"$(inherited)",
					"@executable_path/Frameworks",
				);
				MARKETING_VERSION = 1.0;
				PRODUCT_BUNDLE_IDENTIFIER = Sreekanth.GitHub;
				PRODUCT_NAME = "$(TARGET_NAME)";
				SUPPORTED_PLATFORMS = "iphonesimulator iphoneos macosx";
				SWIFT_EMIT_LOC_STRINGS = YES;
				SWIFT_VERSION = 5.0;
				TARGETED_DEVICE_FAMILY = "1,2";
			};
			name = Debug;
		};
		C70721E128EFFCCD00844D21 /* Release */ = {
			isa = XCBuildConfiguration;
			baseConfigurationReference = 3D9A95F78EB6740923847D5C /* Pods-GitHub.release.xcconfig */;
			buildSettings = {
				ASSETCATALOG_COMPILER_APPICON_NAME = AppIcon;
				ASSETCATALOG_COMPILER_GLOBAL_ACCENT_COLOR_NAME = AccentColor;
				CODE_SIGN_STYLE = Automatic;
				CURRENT_PROJECT_VERSION = 1;
				DEVELOPMENT_TEAM = G3X3Y83455;
				GENERATE_INFOPLIST_FILE = YES;
				INFOPLIST_FILE = GitHub/Info.plist;
				INFOPLIST_KEY_UIApplicationSupportsIndirectInputEvents = YES;
				INFOPLIST_KEY_UILaunchStoryboardName = LaunchScreen;
				INFOPLIST_KEY_UIMainStoryboardFile = Main;
				INFOPLIST_KEY_UISupportedInterfaceOrientations_iPad = "UIInterfaceOrientationPortrait UIInterfaceOrientationPortraitUpsideDown UIInterfaceOrientationLandscapeLeft UIInterfaceOrientationLandscapeRight";
				INFOPLIST_KEY_UISupportedInterfaceOrientations_iPhone = "UIInterfaceOrientationPortrait UIInterfaceOrientationLandscapeLeft UIInterfaceOrientationLandscapeRight";
				LD_RUNPATH_SEARCH_PATHS = (
					"$(inherited)",
					"@executable_path/Frameworks",
				);
				MARKETING_VERSION = 1.0;
				PRODUCT_BUNDLE_IDENTIFIER = Sreekanth.GitHub;
				PRODUCT_NAME = "$(TARGET_NAME)";
				SUPPORTED_PLATFORMS = "iphonesimulator iphoneos macosx";
				SWIFT_EMIT_LOC_STRINGS = YES;
				SWIFT_VERSION = 5.0;
				TARGETED_DEVICE_FAMILY = "1,2";
			};
			name = Release;
		};
		C70721E328EFFCCD00844D21 /* Debug */ = {
			isa = XCBuildConfiguration;
			baseConfigurationReference = F3500CD7AB6A7AA47ADA7A91 /* Pods-GitHubTests.debug.xcconfig */;
			buildSettings = {
				ALWAYS_EMBED_SWIFT_STANDARD_LIBRARIES = YES;
				BUNDLE_LOADER = "$(TEST_HOST)";
				CODE_SIGN_STYLE = Automatic;
				CURRENT_PROJECT_VERSION = 1;
				DEVELOPMENT_TEAM = G3X3Y83455;
				GENERATE_INFOPLIST_FILE = YES;
				IPHONEOS_DEPLOYMENT_TARGET = 15.5;
				MACOSX_DEPLOYMENT_TARGET = 12.0;
				MARKETING_VERSION = 1.0;
				PRODUCT_BUNDLE_IDENTIFIER = Sreekanth.GitHubTests;
				PRODUCT_NAME = "$(TARGET_NAME)";
				SUPPORTED_PLATFORMS = "iphonesimulator iphoneos macosx";
				SWIFT_EMIT_LOC_STRINGS = NO;
				SWIFT_VERSION = 5.0;
				TARGETED_DEVICE_FAMILY = "1,2";
				TEST_HOST = "$(BUILT_PRODUCTS_DIR)/GitHub.app/GitHub";
			};
			name = Debug;
		};
		C70721E428EFFCCD00844D21 /* Release */ = {
			isa = XCBuildConfiguration;
			baseConfigurationReference = 98839BD0C2C4ABDBF59E8F3A /* Pods-GitHubTests.release.xcconfig */;
			buildSettings = {
				ALWAYS_EMBED_SWIFT_STANDARD_LIBRARIES = YES;
				BUNDLE_LOADER = "$(TEST_HOST)";
				CODE_SIGN_STYLE = Automatic;
				CURRENT_PROJECT_VERSION = 1;
				DEVELOPMENT_TEAM = G3X3Y83455;
				GENERATE_INFOPLIST_FILE = YES;
				IPHONEOS_DEPLOYMENT_TARGET = 15.5;
				MACOSX_DEPLOYMENT_TARGET = 12.0;
				MARKETING_VERSION = 1.0;
				PRODUCT_BUNDLE_IDENTIFIER = Sreekanth.GitHubTests;
				PRODUCT_NAME = "$(TARGET_NAME)";
				SUPPORTED_PLATFORMS = "iphonesimulator iphoneos macosx";
				SWIFT_EMIT_LOC_STRINGS = NO;
				SWIFT_VERSION = 5.0;
				TARGETED_DEVICE_FAMILY = "1,2";
				TEST_HOST = "$(BUILT_PRODUCTS_DIR)/GitHub.app/GitHub";
			};
			name = Release;
		};
		C707220728F224BF00844D21 /* Debug */ = {
			isa = XCBuildConfiguration;
			buildSettings = {
				CODE_SIGN_STYLE = Automatic;
				CURRENT_PROJECT_VERSION = 1;
				DEVELOPMENT_TEAM = G3X3Y83455;
				GENERATE_INFOPLIST_FILE = YES;
				MACOSX_DEPLOYMENT_TARGET = 12.2;
				MARKETING_VERSION = 1.0;
				PRODUCT_BUNDLE_IDENTIFIER = Sreekanth.GitHubPRsApiEndToEndTests;
				PRODUCT_NAME = "$(TARGET_NAME)";
				SDKROOT = macosx;
				SUPPORTED_PLATFORMS = "macosx iphonesimulator iphoneos";
				SWIFT_EMIT_LOC_STRINGS = NO;
				SWIFT_VERSION = 5.0;
			};
			name = Debug;
		};
		C707220828F224BF00844D21 /* Release */ = {
			isa = XCBuildConfiguration;
			buildSettings = {
				CODE_SIGN_STYLE = Automatic;
				CURRENT_PROJECT_VERSION = 1;
				DEVELOPMENT_TEAM = G3X3Y83455;
				GENERATE_INFOPLIST_FILE = YES;
				MACOSX_DEPLOYMENT_TARGET = 12.2;
				MARKETING_VERSION = 1.0;
				PRODUCT_BUNDLE_IDENTIFIER = Sreekanth.GitHubPRsApiEndToEndTests;
				PRODUCT_NAME = "$(TARGET_NAME)";
				SDKROOT = macosx;
				SUPPORTED_PLATFORMS = "macosx iphonesimulator iphoneos";
				SWIFT_EMIT_LOC_STRINGS = NO;
				SWIFT_VERSION = 5.0;
			};
			name = Release;
		};
		C707221828F2C17100844D21 /* Debug */ = {
			isa = XCBuildConfiguration;
			buildSettings = {
				BUNDLE_LOADER = "$(TEST_HOST)";
				CODE_SIGN_STYLE = Automatic;
				CURRENT_PROJECT_VERSION = 1;
				DEVELOPMENT_TEAM = G3X3Y83455;
				GENERATE_INFOPLIST_FILE = YES;
				MARKETING_VERSION = 1.0;
				PRODUCT_BUNDLE_IDENTIFIER = Sreekanth.GitHubiOSTests;
				PRODUCT_NAME = "$(TARGET_NAME)";
				SWIFT_EMIT_LOC_STRINGS = NO;
				SWIFT_VERSION = 5.0;
				TARGETED_DEVICE_FAMILY = "1,2";
				TEST_HOST = "$(BUILT_PRODUCTS_DIR)/GitHub.app/GitHub";
			};
			name = Debug;
		};
		C707221928F2C17100844D21 /* Release */ = {
			isa = XCBuildConfiguration;
			buildSettings = {
				BUNDLE_LOADER = "$(TEST_HOST)";
				CODE_SIGN_STYLE = Automatic;
				CURRENT_PROJECT_VERSION = 1;
				DEVELOPMENT_TEAM = G3X3Y83455;
				GENERATE_INFOPLIST_FILE = YES;
				MARKETING_VERSION = 1.0;
				PRODUCT_BUNDLE_IDENTIFIER = Sreekanth.GitHubiOSTests;
				PRODUCT_NAME = "$(TARGET_NAME)";
				SWIFT_EMIT_LOC_STRINGS = NO;
				SWIFT_VERSION = 5.0;
				TARGETED_DEVICE_FAMILY = "1,2";
				TEST_HOST = "$(BUILT_PRODUCTS_DIR)/GitHub.app/GitHub";
			};
			name = Release;
		};
/* End XCBuildConfiguration section */

/* Begin XCConfigurationList section */
		C70721B028EFFCCB00844D21 /* Build configuration list for PBXProject "GitHub" */ = {
			isa = XCConfigurationList;
			buildConfigurations = (
				C70721DD28EFFCCD00844D21 /* Debug */,
				C70721DE28EFFCCD00844D21 /* Release */,
			);
			defaultConfigurationIsVisible = 0;
			defaultConfigurationName = Release;
		};
		C70721DF28EFFCCD00844D21 /* Build configuration list for PBXNativeTarget "GitHub" */ = {
			isa = XCConfigurationList;
			buildConfigurations = (
				C70721E028EFFCCD00844D21 /* Debug */,
				C70721E128EFFCCD00844D21 /* Release */,
			);
			defaultConfigurationIsVisible = 0;
			defaultConfigurationName = Release;
		};
		C70721E228EFFCCD00844D21 /* Build configuration list for PBXNativeTarget "GitHubTests" */ = {
			isa = XCConfigurationList;
			buildConfigurations = (
				C70721E328EFFCCD00844D21 /* Debug */,
				C70721E428EFFCCD00844D21 /* Release */,
			);
			defaultConfigurationIsVisible = 0;
			defaultConfigurationName = Release;
		};
		C707220628F224BF00844D21 /* Build configuration list for PBXNativeTarget "GitHubPRsApiEndToEndTests" */ = {
			isa = XCConfigurationList;
			buildConfigurations = (
				C707220728F224BF00844D21 /* Debug */,
				C707220828F224BF00844D21 /* Release */,
			);
			defaultConfigurationIsVisible = 0;
			defaultConfigurationName = Release;
		};
		C707221728F2C17100844D21 /* Build configuration list for PBXNativeTarget "GitHubiOSTests" */ = {
			isa = XCConfigurationList;
			buildConfigurations = (
				C707221828F2C17100844D21 /* Debug */,
				C707221928F2C17100844D21 /* Release */,
			);
			defaultConfigurationIsVisible = 0;
			defaultConfigurationName = Release;
		};
/* End XCConfigurationList section */
	};
	rootObject = C70721AD28EFFCCB00844D21 /* Project object */;
}
